
Microsoft Visual Studio Solution File, Format Version 12.00
# Visual Studio Version 16
VisualStudioVersion = 16.0.31321.278
MinimumVisualStudioVersion = 10.0.40219.1
Project("{FAE04EC0-301F-11D3-BF4B-00C04F79EFBC}") = "ApiExamenTicketsApb", "ApiExamenTicketsApb\ApiExamenTicketsApb.csproj", "{220681C9-9DD6-417F-8BEF-A12F6B6403B5}"
EndProject
Global
	GlobalSection(SolutionConfigurationPlatforms) = preSolution
		Debug|Any CPU = Debug|Any CPU
		Release|Any CPU = Release|Any CPU
	EndGlobalSection
	GlobalSection(ProjectConfigurationPlatforms) = postSolution
		{220681C9-9DD6-417F-8BEF-A12F6B6403B5}.Debug|Any CPU.ActiveCfg = Debug|Any CPU
		{220681C9-9DD6-417F-8BEF-A12F6B6403B5}.Debug|Any CPU.Build.0 = Debug|Any CPU
		{220681C9-9DD6-417F-8BEF-A12F6B6403B5}.Release|Any CPU.ActiveCfg = Release|Any CPU
		{220681C9-9DD6-417F-8BEF-A12F6B6403B5}.Release|Any CPU.Build.0 = Release|Any CPU
	EndGlobalSection
	GlobalSection(SolutionProperties) = preSolution
		HideSolutionNode = FALSE
	EndGlobalSection
	GlobalSection(ExtensibilityGlobals) = postSolution
		SolutionGuid = {3973ED28-B4F9-4EC1-AF13-6A95CAB63528}
	EndGlobalSection
EndGlobal
